{
  "name": "musician",
  "version": "1.0.0",
  "lockfileVersion": 2,
  "requires": true,
  "packages": {
    "": {
      "name": "musician",
      "version": "1.0.0",
      "license": "ISC",
      "dependencies": {
        "chance": "^1.1.8",
        "rfc4122": "^1.0.6"
      }
    },
    "node_modules/chance": {
      "version": "1.1.8",
      "resolved": "https://registry.npmjs.org/chance/-/chance-1.1.8.tgz",
      "integrity": "sha512-v7fi5Hj2VbR6dJEGRWLmJBA83LJMS47pkAbmROFxHWd9qmE1esHRZW8Clf1Fhzr3rjxnNZVCjOEv/ivFxeIMtg=="
    },
    "node_modules/rfc4122": {
      "version": "1.0.6",
      "resolved": "https://registry.npmjs.org/rfc4122/-/rfc4122-1.0.6.tgz",
      "integrity": "sha512-ZO9UA3pXAzhJEL5l8NT01yeivBwl09jFATa5Do6JbvUxJ6sabQuGIxDWWbolJiu3c5IyihSgXsqzs6s1/on4AQ==",
      "engines": {
        "node": ">=0.12.*"
      }
    }
  },
  "dependencies": {
    "chance": {
      "version": "1.1.8",
      "resolved": "https://registry.npmjs.org/chance/-/chance-1.1.8.tgz",
      "integrity": "sha512-v7fi5Hj2VbR6dJEGRWLmJBA83LJMS47pkAbmROFxHWd9qmE1esHRZW8Clf1Fhzr3rjxnNZVCjOEv/ivFxeIMtg=="
    },
    "rfc4122": {
      "version": "1.0.6",
      "resolved": "https://registry.npmjs.org/rfc4122/-/rfc4122-1.0.6.tgz",
      "integrity": "sha512-ZO9UA3pXAzhJEL5l8NT01yeivBwl09jFATa5Do6JbvUxJ6sabQuGIxDWWbolJiu3c5IyihSgXsqzs6s1/on4AQ=="
    }
  }
}
